
Microsoft Visual Studio Solution File, Format Version 12.00
# Visual Studio Version 16
VisualStudioVersion = 16.0.30011.22
MinimumVisualStudioVersion = 10.0.40219.1
Project("{9A19103F-16F7-4668-BE54-9A1E7A4F7556}") = "dotNetConsole", "dotNetConsole\dotNetConsole.csproj", "{5460D2EF-F3B1-41FF-A597-741FFFA828D1}"
EndProject
Project("{FAE04EC0-301F-11D3-BF4B-00C04F79EFBC}") = "dotNetConsole1", "dotNetConsole1\dotNetConsole1.csproj", "{1E0D50AC-BA11-4571-A554-023D753FDC72}"
EndProject
Global
	GlobalSection(SolutionConfigurationPlatforms) = preSolution
		Debug|Any CPU = Debug|Any CPU
		Release|Any CPU = Release|Any CPU
	EndGlobalSection
	GlobalSection(ProjectConfigurationPlatforms) = postSolution
		{5460D2EF-F3B1-41FF-A597-741FFFA828D1}.Debug|Any CPU.ActiveCfg = Debug|Any CPU
		{5460D2EF-F3B1-41FF-A597-741FFFA828D1}.Debug|Any CPU.Build.0 = Debug|Any CPU
		{5460D2EF-F3B1-41FF-A597-741FFFA828D1}.Release|Any CPU.ActiveCfg = Release|Any CPU
		{5460D2EF-F3B1-41FF-A597-741FFFA828D1}.Release|Any CPU.Build.0 = Release|Any CPU
		{1E0D50AC-BA11-4571-A554-023D753FDC72}.Debug|Any CPU.ActiveCfg = Debug|Any CPU
		{1E0D50AC-BA11-4571-A554-023D753FDC72}.Debug|Any CPU.Build.0 = Debug|Any CPU
		{1E0D50AC-BA11-4571-A554-023D753FDC72}.Release|Any CPU.ActiveCfg = Release|Any CPU
		{1E0D50AC-BA11-4571-A554-023D753FDC72}.Release|Any CPU.Build.0 = Release|Any CPU
	EndGlobalSection
	GlobalSection(SolutionProperties) = preSolution
		HideSolutionNode = FALSE
	EndGlobalSection
	GlobalSection(ExtensibilityGlobals) = postSolution
		SolutionGuid = {64FB1B88-15C4-4CCF-A2B5-B05C5E74A2E5}
	EndGlobalSection
EndGlobal
